<Solution>
  <Folder Name="/Solution Items/">
    <File Path=".editorconfig" />
    <File Path="CHANGELOG.md" />
    <File Path="Directory.Build.props" />
    <File Path="README.md" />
  </Folder>
  <Folder Name="/Sources/">
    <Project Path="Sources/CompetitiveVerifierCsResolver/CompetitiveVerifierCsResolver.csproj" />
    <Project Path="Sources/CompetitiveVerifierProblem.Generator/CompetitiveVerifierProblem.Generator.csproj" />
    <Project Path="Sources/CompetitiveVerifierProblem/CompetitiveVerifierProblem.csproj" />
    <Project Path="Sources/CompetitiveVerifierResolverTestLogger/CompetitiveVerifierResolverTestLogger.csproj" />
  </Folder>
  <Folder Name="/Tests/">
    <File Path="Tests/Directory.Build.props" />
    <File Path="Tests/global.json" />
    <Project Path="Tests/CompetitiveVerifierCsResolver.Test/CompetitiveVerifierCsResolver.Test.csproj" />
    <Project Path="Tests/CompetitiveVerifierProblem.Generator.Generated/CompetitiveVerifierProblem.Generator.Generated.csproj" />
    <Project Path="Tests/CompetitiveVerifierProblem.Generator.Test/CompetitiveVerifierProblem.Generator.Test.csproj" />
  </Folder>
  <Folder Name="/Example.VsTest/">
    <Project Path="Example.VsTest/ClassLibrary/ClassLibrary.csproj" />
    <Project Path="Example.VsTest/Test.MSTest/Test.MSTest.csproj" />
    <Project Path="Example.VsTest/Test.NUnit/Test.NUnit.csproj" />
    <Project Path="Example.VsTest/Test.XUnit/Test.XUnit.csproj" />
    <Project Path="Example.VsTest/VerifyApp/VerifyApp.csproj" />
  </Folder>
</Solution>
