
Microsoft Visual Studio Solution File, Format Version 12.00
# Visual Studio Version 17
VisualStudioVersion = 17.0.31903.59
MinimumVisualStudioVersion = 10.0.40219.1
Project("{2150E333-8FDC-42A3-9474-1A3956D46DE8}") = "Sources", "Sources", "{60AF9B8C-8536-40DA-BA7C-C5A373DCD190}"
EndProject
Project("{2150E333-8FDC-42A3-9474-1A3956D46DE8}") = "Examples", "Examples", "{237DEE03-7368-45AF-AB05-0E0875EAE464}"
EndProject
Project("{9A19103F-16F7-4668-BE54-9A1E7A4F7556}") = "ClassLibrary", "Examples\ClassLibrary\ClassLibrary.csproj", "{7088A6AA-14A3-4900-957F-2305C425E823}"
EndProject
Project("{2150E333-8FDC-42A3-9474-1A3956D46DE8}") = "Solution Items", "Solution Items", "{A78153C4-FCB5-460F-BFD3-B1874C5D42DA}"
	ProjectSection(SolutionItems) = preProject
		.editorconfig = .editorconfig
		CHANGELOG.md = CHANGELOG.md
		Directory.Build.props = Directory.Build.props
		README.md = README.md
	EndProjectSection
EndProject
Project("{9A19103F-16F7-4668-BE54-9A1E7A4F7556}") = "CompetitiveVerifierResolverTestLogger", "Sources\CompetitiveVerifierResolverTestLogger\CompetitiveVerifierResolverTestLogger.csproj", "{23FE7263-86BB-459E-8200-E5238F4FB893}"
EndProject
Project("{9A19103F-16F7-4668-BE54-9A1E7A4F7556}") = "UnitTest", "Examples\UnitTest\UnitTest.csproj", "{9C136278-AC2A-4609-8520-EA38C84AA7B4}"
EndProject
Project("{9A19103F-16F7-4668-BE54-9A1E7A4F7556}") = "VerifyApp", "Examples\VerifyApp\VerifyApp.csproj", "{8B205E05-239B-4995-A1FB-0233442E9B5A}"
EndProject
Project("{9A19103F-16F7-4668-BE54-9A1E7A4F7556}") = "CompetitiveVerifierCsResolver", "Sources\CompetitiveVerifierCsResolver\CompetitiveVerifierCsResolver.csproj", "{E534EBDC-4706-4CE2-BE1C-CE0C426D889D}"
EndProject
Project("{9A19103F-16F7-4668-BE54-9A1E7A4F7556}") = "CompetitiveVerifierProblem.Generator", "Sources\CompetitiveVerifierProblem.Generator\CompetitiveVerifierProblem.Generator.csproj", "{02185794-D170-48F6-AF4A-D38F7B7E1A3F}"
EndProject
Project("{9A19103F-16F7-4668-BE54-9A1E7A4F7556}") = "CompetitiveVerifierProblem", "Sources\CompetitiveVerifierProblem\CompetitiveVerifierProblem.csproj", "{85353F91-35EA-41D4-8247-0A87D51EF501}"
EndProject
Project("{2150E333-8FDC-42A3-9474-1A3956D46DE8}") = "LocalExamples", "LocalExamples", "{D6E5B001-7836-43DA-A13E-C7FAF403F83A}"
EndProject
Project("{9A19103F-16F7-4668-BE54-9A1E7A4F7556}") = "ClassLibrary", "Sources\LocalExamples\ClassLibrary\ClassLibrary.csproj", "{D5F83EB8-4B00-4BCC-8321-DDDF0A8D4655}"
EndProject
Project("{9A19103F-16F7-4668-BE54-9A1E7A4F7556}") = "VerifyApp", "Sources\LocalExamples\VerifyApp\VerifyApp.csproj", "{129E7436-C7F4-419F-B47F-E095DEAC2F95}"
EndProject
Project("{9A19103F-16F7-4668-BE54-9A1E7A4F7556}") = "Test.XUnit", "Sources\LocalExamples\Test.XUnit\Test.XUnit.csproj", "{B5D35935-5ABF-4405-86C1-012F81A87210}"
EndProject
Project("{9A19103F-16F7-4668-BE54-9A1E7A4F7556}") = "Test.NUnit", "Sources\LocalExamples\Test.NUnit\Test.NUnit.csproj", "{730C59FB-CB34-43EF-8994-593DA048A66C}"
EndProject
Project("{9A19103F-16F7-4668-BE54-9A1E7A4F7556}") = "Test.MSTest", "Sources\LocalExamples\Test.MSTest\Test.MSTest.csproj", "{3C1D92E6-FF41-4674-88BD-63073EA3E3BB}"
EndProject
Project("{2150E333-8FDC-42A3-9474-1A3956D46DE8}") = "Tests", "Tests", "{638F2D82-DA2C-46C5-9CE1-48378BD7D73A}"
	ProjectSection(SolutionItems) = preProject
		Tests\Directory.Build.props = Tests\Directory.Build.props
	EndProjectSection
EndProject
Project("{9A19103F-16F7-4668-BE54-9A1E7A4F7556}") = "CompetitiveVerifierProblem.Generator.Test", "Tests\CompetitiveVerifierProblem.Generator.Test\CompetitiveVerifierProblem.Generator.Test.csproj", "{C98BF0DF-D8C5-4D69-9AB8-D327EF83CE66}"
EndProject
Project("{9A19103F-16F7-4668-BE54-9A1E7A4F7556}") = "CompetitiveVerifierCsResolver.Test", "Tests\CompetitiveVerifierCsResolver.Test\CompetitiveVerifierCsResolver.Test.csproj", "{43FAD6F9-D234-4755-B008-CF8FD6629B7C}"
EndProject
Global
	GlobalSection(SolutionConfigurationPlatforms) = preSolution
		Debug|Any CPU = Debug|Any CPU
		Release|Any CPU = Release|Any CPU
	EndGlobalSection
	GlobalSection(ProjectConfigurationPlatforms) = postSolution
		{7088A6AA-14A3-4900-957F-2305C425E823}.Debug|Any CPU.ActiveCfg = Debug|Any CPU
		{7088A6AA-14A3-4900-957F-2305C425E823}.Debug|Any CPU.Build.0 = Debug|Any CPU
		{7088A6AA-14A3-4900-957F-2305C425E823}.Release|Any CPU.ActiveCfg = Release|Any CPU
		{7088A6AA-14A3-4900-957F-2305C425E823}.Release|Any CPU.Build.0 = Release|Any CPU
		{23FE7263-86BB-459E-8200-E5238F4FB893}.Debug|Any CPU.ActiveCfg = Debug|Any CPU
		{23FE7263-86BB-459E-8200-E5238F4FB893}.Debug|Any CPU.Build.0 = Debug|Any CPU
		{23FE7263-86BB-459E-8200-E5238F4FB893}.Release|Any CPU.ActiveCfg = Release|Any CPU
		{23FE7263-86BB-459E-8200-E5238F4FB893}.Release|Any CPU.Build.0 = Release|Any CPU
		{9C136278-AC2A-4609-8520-EA38C84AA7B4}.Debug|Any CPU.ActiveCfg = Debug|Any CPU
		{9C136278-AC2A-4609-8520-EA38C84AA7B4}.Debug|Any CPU.Build.0 = Debug|Any CPU
		{9C136278-AC2A-4609-8520-EA38C84AA7B4}.Release|Any CPU.ActiveCfg = Release|Any CPU
		{9C136278-AC2A-4609-8520-EA38C84AA7B4}.Release|Any CPU.Build.0 = Release|Any CPU
		{8B205E05-239B-4995-A1FB-0233442E9B5A}.Debug|Any CPU.ActiveCfg = Debug|Any CPU
		{8B205E05-239B-4995-A1FB-0233442E9B5A}.Debug|Any CPU.Build.0 = Debug|Any CPU
		{8B205E05-239B-4995-A1FB-0233442E9B5A}.Release|Any CPU.ActiveCfg = Release|Any CPU
		{8B205E05-239B-4995-A1FB-0233442E9B5A}.Release|Any CPU.Build.0 = Release|Any CPU
		{E534EBDC-4706-4CE2-BE1C-CE0C426D889D}.Debug|Any CPU.ActiveCfg = Debug|Any CPU
		{E534EBDC-4706-4CE2-BE1C-CE0C426D889D}.Debug|Any CPU.Build.0 = Debug|Any CPU
		{E534EBDC-4706-4CE2-BE1C-CE0C426D889D}.Release|Any CPU.ActiveCfg = Release|Any CPU
		{E534EBDC-4706-4CE2-BE1C-CE0C426D889D}.Release|Any CPU.Build.0 = Release|Any CPU
		{02185794-D170-48F6-AF4A-D38F7B7E1A3F}.Debug|Any CPU.ActiveCfg = Debug|Any CPU
		{02185794-D170-48F6-AF4A-D38F7B7E1A3F}.Debug|Any CPU.Build.0 = Debug|Any CPU
		{02185794-D170-48F6-AF4A-D38F7B7E1A3F}.Release|Any CPU.ActiveCfg = Release|Any CPU
		{02185794-D170-48F6-AF4A-D38F7B7E1A3F}.Release|Any CPU.Build.0 = Release|Any CPU
		{85353F91-35EA-41D4-8247-0A87D51EF501}.Debug|Any CPU.ActiveCfg = Debug|Any CPU
		{85353F91-35EA-41D4-8247-0A87D51EF501}.Debug|Any CPU.Build.0 = Debug|Any CPU
		{85353F91-35EA-41D4-8247-0A87D51EF501}.Release|Any CPU.ActiveCfg = Release|Any CPU
		{85353F91-35EA-41D4-8247-0A87D51EF501}.Release|Any CPU.Build.0 = Release|Any CPU
		{D5F83EB8-4B00-4BCC-8321-DDDF0A8D4655}.Debug|Any CPU.ActiveCfg = Debug|Any CPU
		{D5F83EB8-4B00-4BCC-8321-DDDF0A8D4655}.Debug|Any CPU.Build.0 = Debug|Any CPU
		{D5F83EB8-4B00-4BCC-8321-DDDF0A8D4655}.Release|Any CPU.ActiveCfg = Release|Any CPU
		{D5F83EB8-4B00-4BCC-8321-DDDF0A8D4655}.Release|Any CPU.Build.0 = Release|Any CPU
		{129E7436-C7F4-419F-B47F-E095DEAC2F95}.Debug|Any CPU.ActiveCfg = Debug|Any CPU
		{129E7436-C7F4-419F-B47F-E095DEAC2F95}.Debug|Any CPU.Build.0 = Debug|Any CPU
		{129E7436-C7F4-419F-B47F-E095DEAC2F95}.Release|Any CPU.ActiveCfg = Release|Any CPU
		{129E7436-C7F4-419F-B47F-E095DEAC2F95}.Release|Any CPU.Build.0 = Release|Any CPU
		{B5D35935-5ABF-4405-86C1-012F81A87210}.Debug|Any CPU.ActiveCfg = Debug|Any CPU
		{B5D35935-5ABF-4405-86C1-012F81A87210}.Debug|Any CPU.Build.0 = Debug|Any CPU
		{B5D35935-5ABF-4405-86C1-012F81A87210}.Release|Any CPU.ActiveCfg = Release|Any CPU
		{B5D35935-5ABF-4405-86C1-012F81A87210}.Release|Any CPU.Build.0 = Release|Any CPU
		{730C59FB-CB34-43EF-8994-593DA048A66C}.Debug|Any CPU.ActiveCfg = Debug|Any CPU
		{730C59FB-CB34-43EF-8994-593DA048A66C}.Debug|Any CPU.Build.0 = Debug|Any CPU
		{730C59FB-CB34-43EF-8994-593DA048A66C}.Release|Any CPU.ActiveCfg = Release|Any CPU
		{730C59FB-CB34-43EF-8994-593DA048A66C}.Release|Any CPU.Build.0 = Release|Any CPU
		{3C1D92E6-FF41-4674-88BD-63073EA3E3BB}.Debug|Any CPU.ActiveCfg = Debug|Any CPU
		{3C1D92E6-FF41-4674-88BD-63073EA3E3BB}.Debug|Any CPU.Build.0 = Debug|Any CPU
		{3C1D92E6-FF41-4674-88BD-63073EA3E3BB}.Release|Any CPU.ActiveCfg = Release|Any CPU
		{3C1D92E6-FF41-4674-88BD-63073EA3E3BB}.Release|Any CPU.Build.0 = Release|Any CPU
		{C98BF0DF-D8C5-4D69-9AB8-D327EF83CE66}.Debug|Any CPU.ActiveCfg = Debug|Any CPU
		{C98BF0DF-D8C5-4D69-9AB8-D327EF83CE66}.Debug|Any CPU.Build.0 = Debug|Any CPU
		{C98BF0DF-D8C5-4D69-9AB8-D327EF83CE66}.Release|Any CPU.ActiveCfg = Release|Any CPU
		{C98BF0DF-D8C5-4D69-9AB8-D327EF83CE66}.Release|Any CPU.Build.0 = Release|Any CPU
		{43FAD6F9-D234-4755-B008-CF8FD6629B7C}.Debug|Any CPU.ActiveCfg = Debug|Any CPU
		{43FAD6F9-D234-4755-B008-CF8FD6629B7C}.Debug|Any CPU.Build.0 = Debug|Any CPU
		{43FAD6F9-D234-4755-B008-CF8FD6629B7C}.Release|Any CPU.ActiveCfg = Release|Any CPU
		{43FAD6F9-D234-4755-B008-CF8FD6629B7C}.Release|Any CPU.Build.0 = Release|Any CPU
	EndGlobalSection
	GlobalSection(SolutionProperties) = preSolution
		HideSolutionNode = FALSE
	EndGlobalSection
	GlobalSection(NestedProjects) = preSolution
		{7088A6AA-14A3-4900-957F-2305C425E823} = {237DEE03-7368-45AF-AB05-0E0875EAE464}
		{23FE7263-86BB-459E-8200-E5238F4FB893} = {60AF9B8C-8536-40DA-BA7C-C5A373DCD190}
		{9C136278-AC2A-4609-8520-EA38C84AA7B4} = {237DEE03-7368-45AF-AB05-0E0875EAE464}
		{8B205E05-239B-4995-A1FB-0233442E9B5A} = {237DEE03-7368-45AF-AB05-0E0875EAE464}
		{E534EBDC-4706-4CE2-BE1C-CE0C426D889D} = {60AF9B8C-8536-40DA-BA7C-C5A373DCD190}
		{02185794-D170-48F6-AF4A-D38F7B7E1A3F} = {60AF9B8C-8536-40DA-BA7C-C5A373DCD190}
		{85353F91-35EA-41D4-8247-0A87D51EF501} = {60AF9B8C-8536-40DA-BA7C-C5A373DCD190}
		{D6E5B001-7836-43DA-A13E-C7FAF403F83A} = {60AF9B8C-8536-40DA-BA7C-C5A373DCD190}
		{D5F83EB8-4B00-4BCC-8321-DDDF0A8D4655} = {D6E5B001-7836-43DA-A13E-C7FAF403F83A}
		{129E7436-C7F4-419F-B47F-E095DEAC2F95} = {D6E5B001-7836-43DA-A13E-C7FAF403F83A}
		{B5D35935-5ABF-4405-86C1-012F81A87210} = {D6E5B001-7836-43DA-A13E-C7FAF403F83A}
		{730C59FB-CB34-43EF-8994-593DA048A66C} = {D6E5B001-7836-43DA-A13E-C7FAF403F83A}
		{3C1D92E6-FF41-4674-88BD-63073EA3E3BB} = {D6E5B001-7836-43DA-A13E-C7FAF403F83A}
		{C98BF0DF-D8C5-4D69-9AB8-D327EF83CE66} = {638F2D82-DA2C-46C5-9CE1-48378BD7D73A}
		{43FAD6F9-D234-4755-B008-CF8FD6629B7C} = {638F2D82-DA2C-46C5-9CE1-48378BD7D73A}
	EndGlobalSection
	GlobalSection(ExtensibilityGlobals) = postSolution
		SolutionGuid = {BD592817-4B11-4923-95F0-0FCC2CDB6D5E}
	EndGlobalSection
EndGlobal
